
Microsoft Visual Studio Solution File, Format Version 12.00
# Visual Studio 15
Project("{FAE04EC0-301F-11D3-BF4B-00C04F79EFBC}") = "Apini", "Apini.csproj", "{C9B34917-9D19-4DB0-A498-8B0BFCFB5124}"
EndProject
Global
	GlobalSection(SolutionConfigurationPlatforms) = preSolution
		Debug|Any CPU = Debug|Any CPU
		Release|Any CPU = Release|Any CPU
	EndGlobalSection
	GlobalSection(ProjectConfigurationPlatforms) = postSolution
		{C9B34917-9D19-4DB0-A498-8B0BFCFB5124}.Debug|Any CPU.ActiveCfg = Debug|Any CPU
		{C9B34917-9D19-4DB0-A498-8B0BFCFB5124}.Debug|Any CPU.Build.0 = Debug|Any CPU
		{C9B34917-9D19-4DB0-A498-8B0BFCFB5124}.Release|Any CPU.ActiveCfg = Release|Any CPU
		{C9B34917-9D19-4DB0-A498-8B0BFCFB5124}.Release|Any CPU.Build.0 = Release|Any CPU
	EndGlobalSection
EndGlobal
